{
  "version": 4,
  "terraform_version": "1.11.4",
  "serial": 13,
  "lineage": "aa7be60e-4f36-dc34-82b3-ee714f564b7e",
  "outputs": {
    "serverless_computing": {
      "value": {
        "burst_overrun": 15,
        "function_name": "finos-ccc-integration-fn-main",
        "private_endpoint_url": "internal-only",
        "public_invoke_url": "",
        "rate_limit_threshold": 10,
        "resource_name": "finos-ccc-integration-fn-main"
      },
      "type": [
        "object",
        {
          "burst_overrun": "number",
          "function_name": "string",
          "private_endpoint_url": "string",
          "public_invoke_url": "string",
          "rate_limit_threshold": "number",
          "resource_name": "string"
        }
      ]
    },
    "virtual_machines": {
      "value": {
        "allowed_source_cidr": "10.0.0.0/8",
        "host_name": "34.46.121.65",
        "instance_id": "projects/nodal-time-474015-p5/zones/us-central1-a/instances/finos-ccc-integration-vm-main",
        "resource_name": "finos-ccc-integration-vm-main",
        "test_listener_port": 22
      },
      "type": [
        "object",
        {
          "allowed_source_cidr": "string",
          "host_name": "string",
          "instance_id": "string",
          "resource_name": "string",
          "test_listener_port": "number"
        }
      ]
    }
  },
  "resources": [
    {
      "module": "module.serverless_computing",
      "mode": "data",
      "type": "archive_file",
      "name": "function_zip",
      "provider": "provider[\"registry.terraform.io/hashicorp/archive\"]",
      "instances": [
        {
          "schema_version": 0,
          "attributes": {
            "exclude_symlink_directories": null,
            "excludes": null,
            "id": "7cb51dd0412685d4c91422ba97c79b9a4e22efc5",
            "output_base64sha256": "ZsqpKukO4tRNHcH6NER/mbmgadRxsRdW8vUybPrkEk4=",
            "output_base64sha512": "6uSYMXAfDv7m6c5Dhbf+/p77NUUiOxdXRGZnn71/vNk191cEnebSP0VYHUdNeT6pKt87BADJts1R5DYl7d23/w==",
            "output_file_mode": null,
            "output_md5": "f1158c92eb35a451eec545ed9caa45c9",
            "output_path": "modules/serverless-computing/function-source.zip",
            "output_sha": "7cb51dd0412685d4c91422ba97c79b9a4e22efc5",
            "output_sha256": "66caa92ae90ee2d44d1dc1fa34447f99b9a069d471b11756f2f5326cfae4124e",
            "output_sha512": "eae49831701f0efee6e9ce4385b7fefe9efb3545223b17574466679fbd7fbcd935f757049de6d23f45581d474d793ea92adf3b0400c9b6cd51e43625edddb7ff",
            "output_size": 201,
            "source": [],
            "source_content": "import json\ndef handler(request):\n    return json.dumps({\"ok\": True})\n",
            "source_content_filename": "main.py",
            "source_dir": null,
            "source_file": null,
            "type": "zip"
          },
          "sensitive_attributes": []
        }
      ]
    },
    {
      "module": "module.serverless_computing",
      "mode": "managed",
      "type": "google_storage_bucket",
      "name": "source",
      "provider": "provider[\"registry.terraform.io/hashicorp/google\"]",
      "instances": [
        {
          "schema_version": 4,
          "attributes": {
            "autoclass": [],
            "cors": [],
            "custom_placement_config": [],
            "default_event_based_hold": false,
            "deletion_policy": "DELETE",
            "effective_labels": {
              "goog-terraform-provisioned": "true"
            },
            "enable_object_retention": false,
            "encryption": [],
            "force_destroy": false,
            "hierarchical_namespace": [
              {
                "enabled": false
              }
            ],
            "id": "finoscccintegrationfnaed98c",
            "ip_filter": [],
            "labels": {},
            "lifecycle_rule": [],
            "location": "US-CENTRAL1",
            "logging": [],
            "name": "finoscccintegrationfnaed98c",
            "project": "nodal-time-474015-p5",
            "project_number": 784623368087,
            "public_access_prevention": "inherited",
            "requester_pays": false,
            "retention_policy": [],
            "rpo": null,
            "self_link": "https://www.googleapis.com/storage/v1/b/finoscccintegrationfnaed98c",
            "soft_delete_policy": [
              {
                "effective_time": "2026-05-27T14:46:14.258Z",
                "retention_duration_seconds": 604800
              }
            ],
            "storage_class": "STANDARD",
            "terraform_labels": {
              "goog-terraform-provisioned": "true"
            },
            "time_created": "2026-05-27T14:46:14.258Z",
            "timeouts": null,
            "uniform_bucket_level_access": true,
            "updated": "2026-05-27T14:46:14.258Z",
            "url": "gs://finoscccintegrationfnaed98c",
            "versioning": [],
            "website": []
          },
          "sensitive_attributes": [],
          "private": "eyJlMmJmYjczMC1lY2FhLTExZTYtOGY4OC0zNDM2M2JjN2M0YzAiOnsiY3JlYXRlIjo2MDAwMDAwMDAwMDAsInJlYWQiOjI0MDAwMDAwMDAwMCwidXBkYXRlIjoyNDAwMDAwMDAwMDB9LCJzY2hlbWFfdmVyc2lvbiI6IjQifQ==",
          "dependencies": [
            "module.serverless_computing.random_id.suffix"
          ]
        }
      ]
    },
    {
      "module": "module.serverless_computing",
      "mode": "managed",
      "type": "google_storage_bucket_object",
      "name": "source",
      "provider": "provider[\"registry.terraform.io/hashicorp/google\"]",
      "instances": [
        {
          "schema_version": 0,
          "attributes": {
            "bucket": "finoscccintegrationfnaed98c",
            "cache_control": "",
            "content": null,
            "content_disposition": "",
            "content_encoding": "",
            "content_language": "",
            "content_type": "application/zip",
            "contexts": [],
            "crc32c": "fK9s7Q==",
            "customer_encryption": [],
            "deletion_policy": "DELETE",
            "detect_md5hash": "8RWMkus1pFHuxUXtnKpFyQ==",
            "event_based_hold": false,
            "force_empty_content_type": null,
            "generation": 1779893175817558,
            "id": "finoscccintegrationfnaed98c-function-source.zip",
            "kms_key_name": "",
            "md5hash": "8RWMkus1pFHuxUXtnKpFyQ==",
            "md5hexhash": "f1158c92eb35a451eec545ed9caa45c9",
            "media_link": "https://storage.googleapis.com/download/storage/v1/b/finoscccintegrationfnaed98c/o/function-source.zip?generation=1779893175817558\u0026alt=media",
            "metadata": {},
            "name": "function-source.zip",
            "output_name": "function-source.zip",
            "retention": [],
            "self_link": "https://www.googleapis.com/storage/v1/b/finoscccintegrationfnaed98c/o/function-source.zip",
            "source": "modules/serverless-computing/function-source.zip",
            "source_md5hash": "",
            "storage_class": "STANDARD",
            "temporary_hold": false,
            "timeouts": null
          },
          "sensitive_attributes": [
            [
              {
                "type": "get_attr",
                "value": "content"
              }
            ]
          ],
          "private": "eyJlMmJmYjczMC1lY2FhLTExZTYtOGY4OC0zNDM2M2JjN2M0YzAiOnsiY3JlYXRlIjoyNDAwMDAwMDAwMDAsImRlbGV0ZSI6MjQwMDAwMDAwMDAwLCJ1cGRhdGUiOjI0MDAwMDAwMDAwMH19",
          "dependencies": [
            "module.serverless_computing.data.archive_file.function_zip",
            "module.serverless_computing.google_storage_bucket.source",
            "module.serverless_computing.random_id.suffix"
          ]
        }
      ]
    },
    {
      "module": "module.serverless_computing",
      "mode": "managed",
      "type": "random_id",
      "name": "suffix",
      "provider": "provider[\"registry.terraform.io/hashicorp/random\"]",
      "instances": [
        {
          "schema_version": 0,
          "attributes": {
            "b64_std": "rtmM",
            "b64_url": "rtmM",
            "byte_length": 3,
            "dec": "11458956",
            "hex": "aed98c",
            "id": "rtmM",
            "keepers": null,
            "prefix": null
          },
          "sensitive_attributes": []
        }
      ]
    },
    {
      "module": "module.virtual_machines",
      "mode": "managed",
      "type": "google_compute_firewall",
      "name": "ssh",
      "provider": "provider[\"registry.terraform.io/hashicorp/google\"]",
      "instances": [
        {
          "schema_version": 1,
          "attributes": {
            "allow": [
              {
                "ports": [
                  "22"
                ],
                "protocol": "tcp"
              }
            ],
            "creation_timestamp": "2026-05-27T07:46:35.748-07:00",
            "deletion_policy": "DELETE",
            "deny": [],
            "description": "",
            "destination_ranges": [],
            "direction": "INGRESS",
            "disabled": false,
            "enable_logging": null,
            "id": "projects/nodal-time-474015-p5/global/firewalls/finos-ccc-integration-vm-ssh",
            "log_config": [],
            "name": "finos-ccc-integration-vm-ssh",
            "network": "https://www.googleapis.com/compute/v1/projects/nodal-time-474015-p5/global/networks/finos-ccc-integration-vm-vpc",
            "params": [],
            "priority": 1000,
            "project": "nodal-time-474015-p5",
            "self_link": "https://www.googleapis.com/compute/v1/projects/nodal-time-474015-p5/global/firewalls/finos-ccc-integration-vm-ssh",
            "source_ranges": [
              "10.0.0.0/8"
            ],
            "source_service_accounts": [],
            "source_tags": [],
            "target_service_accounts": [],
            "target_tags": [
              "cfi-vm"
            ],
            "timeouts": null
          },
          "sensitive_attributes": [],
          "private": "eyJlMmJmYjczMC1lY2FhLTExZTYtOGY4OC0zNDM2M2JjN2M0YzAiOnsiY3JlYXRlIjoxMjAwMDAwMDAwMDAwLCJkZWxldGUiOjEyMDAwMDAwMDAwMDAsInVwZGF0ZSI6MTIwMDAwMDAwMDAwMH0sInNjaGVtYV92ZXJzaW9uIjoiMSJ9",
          "dependencies": [
            "module.virtual_machines.google_compute_network.this"
          ]
        }
      ]
    },
    {
      "module": "module.virtual_machines",
      "mode": "managed",
      "type": "google_compute_instance",
      "name": "main",
      "provider": "provider[\"registry.terraform.io/hashicorp/google\"]",
      "instances": [
        {
          "schema_version": 6,
          "attributes": {
            "advanced_machine_features": [],
            "allow_stopping_for_update": null,
            "attached_disk": [],
            "boot_disk": [
              {
                "auto_delete": true,
                "device_name": "persistent-disk-0",
                "disk_encryption_key_raw": "",
                "disk_encryption_key_rsa": "",
                "disk_encryption_key_sha256": "",
                "disk_encryption_service_account": "",
                "force_attach": false,
                "guest_os_features": [
                  "UEFI_COMPATIBLE",
                  "VIRTIO_SCSI_MULTIQUEUE",
                  "GVNIC",
                  "SEV_CAPABLE",
                  "SEV_LIVE_MIGRATABLE_V2"
                ],
                "initialize_params": [
                  {
                    "architecture": "X86_64",
                    "enable_confidential_compute": false,
                    "image": "https://www.googleapis.com/compute/v1/projects/debian-cloud/global/images/debian-12-bookworm-v20260513",
                    "labels": {},
                    "provisioned_iops": 0,
                    "provisioned_throughput": 0,
                    "replica_zones": [],
                    "resource_manager_tags": {},
                    "resource_policies": [],
                    "size": 20,
                    "snapshot": "",
                    "source_image_encryption_key": [],
                    "source_snapshot_encryption_key": [],
                    "storage_pool": "",
                    "type": "pd-ssd"
                  }
                ],
                "interface": "",
                "kms_key_self_link": "",
                "mode": "READ_WRITE",
                "source": "https://www.googleapis.com/compute/v1/projects/nodal-time-474015-p5/zones/us-central1-a/disks/finos-ccc-integration-vm-main"
              }
            ],
            "can_ip_forward": false,
            "confidential_instance_config": [],
            "cpu_platform": "Intel Broadwell",
            "creation_timestamp": "2026-05-27T07:46:51.857-07:00",
            "current_status": "RUNNING",
            "deletion_policy": "DELETE",
            "deletion_protection": false,
            "description": "",
            "desired_status": null,
            "effective_labels": {
              "cficontrolset": "ccc-vm",
              "goog-terraform-provisioned": "true",
              "managed_by": "terraform",
              "project": "ccc-cfi-compliance"
            },
            "enable_display": false,
            "guest_accelerator": [],
            "hostname": "",
            "id": "projects/nodal-time-474015-p5/zones/us-central1-a/instances/finos-ccc-integration-vm-main",
            "instance_encryption_key": [],
            "instance_id": "4696784154115358004",
            "key_revocation_action_type": "",
            "label_fingerprint": "DDAdibiDGAg=",
            "labels": {
              "cficontrolset": "ccc-vm",
              "managed_by": "terraform",
              "project": "ccc-cfi-compliance"
            },
            "machine_type": "e2-micro",
            "metadata": {},
            "metadata_fingerprint": "qHBNJmGl0m4=",
            "metadata_startup_script": null,
            "min_cpu_platform": "",
            "name": "finos-ccc-integration-vm-main",
            "network_interface": [
              {
                "access_config": [
                  {
                    "nat_ip": "34.46.121.65",
                    "network_tier": "PREMIUM",
                    "public_ptr_domain_name": ""
                  }
                ],
                "alias_ip_range": [],
                "igmp_query": "",
                "internal_ipv6_prefix_length": 0,
                "ipv6_access_config": [],
                "ipv6_access_type": "",
                "ipv6_address": "",
                "name": "nic0",
                "network": "https://www.googleapis.com/compute/v1/projects/nodal-time-474015-p5/global/networks/finos-ccc-integration-vm-vpc",
                "network_attachment": "",
                "network_ip": "10.80.1.2",
                "nic_type": "",
                "parent_nic_name": "",
                "queue_count": 0,
                "stack_type": "IPV4_ONLY",
                "subnetwork": "https://www.googleapis.com/compute/v1/projects/nodal-time-474015-p5/regions/us-central1/subnetworks/finos-ccc-integration-vm-subnet",
                "subnetwork_project": "nodal-time-474015-p5",
                "vlan": 0
              }
            ],
            "network_performance_config": [],
            "params": [],
            "project": "nodal-time-474015-p5",
            "reservation_affinity": [],
            "resource_policies": [],
            "scheduling": [
              {
                "automatic_restart": true,
                "availability_domain": 0,
                "instance_termination_action": "",
                "local_ssd_recovery_timeout": [],
                "max_run_duration": [],
                "min_node_cpus": 0,
                "node_affinities": [],
                "on_host_maintenance": "MIGRATE",
                "on_instance_stop_action": [],
                "preemptible": false,
                "provisioning_model": "STANDARD",
                "termination_time": ""
              }
            ],
            "scratch_disk": [],
            "self_link": "https://www.googleapis.com/compute/v1/projects/nodal-time-474015-p5/zones/us-central1-a/instances/finos-ccc-integration-vm-main",
            "service_account": [],
            "shielded_instance_config": [
              {
                "enable_integrity_monitoring": true,
                "enable_secure_boot": false,
                "enable_vtpm": true
              }
            ],
            "tags": [
              "cfi-vm"
            ],
            "tags_fingerprint": "o8R_EzSxX4I=",
            "terraform_labels": {
              "cficontrolset": "ccc-vm",
              "goog-terraform-provisioned": "true",
              "managed_by": "terraform",
              "project": "ccc-cfi-compliance"
            },
            "timeouts": null,
            "zone": "us-central1-a"
          },
          "sensitive_attributes": [
            [
              {
                "type": "get_attr",
                "value": "boot_disk"
              },
              {
                "type": "index",
                "value": {
                  "value": 0,
                  "type": "number"
                }
              },
              {
                "type": "get_attr",
                "value": "disk_encryption_key_raw"
              }
            ],
            [
              {
                "type": "get_attr",
                "value": "boot_disk"
              },
              {
                "type": "index",
                "value": {
                  "value": 0,
                  "type": "number"
                }
              },
              {
                "type": "get_attr",
                "value": "disk_encryption_key_rsa"
              }
            ]
          ],
          "private": "eyJlMmJmYjczMC1lY2FhLTExZTYtOGY4OC0zNDM2M2JjN2M0YzAiOnsiY3JlYXRlIjoxMjAwMDAwMDAwMDAwLCJkZWxldGUiOjEyMDAwMDAwMDAwMDAsInVwZGF0ZSI6MTIwMDAwMDAwMDAwMH0sInNjaGVtYV92ZXJzaW9uIjoiNiJ9",
          "dependencies": [
            "module.virtual_machines.google_compute_network.this",
            "module.virtual_machines.google_compute_subnetwork.this"
          ]
        }
      ]
    },
    {
      "module": "module.virtual_machines",
      "mode": "managed",
      "type": "google_compute_network",
      "name": "this",
      "provider": "provider[\"registry.terraform.io/hashicorp/google\"]",
      "instances": [
        {
          "schema_version": 0,
          "attributes": {
            "auto_create_subnetworks": false,
            "bgp_always_compare_med": false,
            "bgp_best_path_selection_mode": "LEGACY",
            "bgp_inter_region_cost": "",
            "delete_bgp_always_compare_med": false,
            "delete_default_routes_on_create": false,
            "deletion_policy": "DELETE",
            "description": "",
            "enable_ula_internal_ipv6": false,
            "gateway_ipv4": "",
            "id": "projects/nodal-time-474015-p5/global/networks/finos-ccc-integration-vm-vpc",
            "internal_ipv6_range": "",
            "mtu": 0,
            "name": "finos-ccc-integration-vm-vpc",
            "network_firewall_policy_enforcement_order": "AFTER_CLASSIC_FIREWALL",
            "network_id": "3346316191369706842",
            "network_profile": "",
            "numeric_id": "3346316191369706842",
            "params": [],
            "project": "nodal-time-474015-p5",
            "routing_mode": "REGIONAL",
            "self_link": "https://www.googleapis.com/compute/v1/projects/nodal-time-474015-p5/global/networks/finos-ccc-integration-vm-vpc",
            "timeouts": null
          },
          "sensitive_attributes": [],
          "private": "eyJlMmJmYjczMC1lY2FhLTExZTYtOGY4OC0zNDM2M2JjN2M0YzAiOnsiY3JlYXRlIjoxMjAwMDAwMDAwMDAwLCJkZWxldGUiOjEyMDAwMDAwMDAwMDAsInVwZGF0ZSI6MTIwMDAwMDAwMDAwMH19"
        }
      ]
    },
    {
      "module": "module.virtual_machines",
      "mode": "managed",
      "type": "google_compute_subnetwork",
      "name": "this",
      "provider": "provider[\"registry.terraform.io/hashicorp/google\"]",
      "instances": [
        {
          "schema_version": 0,
          "attributes": {
            "allow_subnet_cidr_routes_overlap": false,
            "creation_timestamp": "2026-05-27T07:46:36.352-07:00",
            "deletion_policy": "DELETE",
            "description": "",
            "external_ipv6_prefix": "",
            "fingerprint": null,
            "gateway_address": "10.80.1.1",
            "id": "projects/nodal-time-474015-p5/regions/us-central1/subnetworks/finos-ccc-integration-vm-subnet",
            "internal_ipv6_prefix": "",
            "ip_cidr_range": "10.80.1.0/24",
            "ip_collection": "",
            "ipv6_access_type": "",
            "ipv6_cidr_range": "",
            "ipv6_gce_endpoint": "",
            "log_config": [],
            "name": "finos-ccc-integration-vm-subnet",
            "network": "https://www.googleapis.com/compute/v1/projects/nodal-time-474015-p5/global/networks/finos-ccc-integration-vm-vpc",
            "params": [],
            "private_ip_google_access": false,
            "private_ipv6_google_access": "DISABLE_GOOGLE_ACCESS",
            "project": "nodal-time-474015-p5",
            "purpose": "PRIVATE",
            "region": "us-central1",
            "reserved_internal_range": "",
            "resolve_subnet_mask": "",
            "role": "",
            "secondary_ip_range": [],
            "self_link": "https://www.googleapis.com/compute/v1/projects/nodal-time-474015-p5/regions/us-central1/subnetworks/finos-ccc-integration-vm-subnet",
            "send_secondary_ip_range_if_empty": null,
            "stack_type": "IPV4_ONLY",
            "state": "",
            "subnetwork_id": 2748316594688671011,
            "timeouts": null
          },
          "sensitive_attributes": [],
          "private": "eyJlMmJmYjczMC1lY2FhLTExZTYtOGY4OC0zNDM2M2JjN2M0YzAiOnsiY3JlYXRlIjoxMjAwMDAwMDAwMDAwLCJkZWxldGUiOjEyMDAwMDAwMDAwMDAsInVwZGF0ZSI6MTIwMDAwMDAwMDAwMH19",
          "dependencies": [
            "module.virtual_machines.google_compute_network.this"
          ]
        }
      ]
    }
  ],
  "check_results": null
}
